
Microsoft Visual Studio Solution File, Format Version 12.00
# Visual Studio Version 16
VisualStudioVersion = 16.0.30413.136
MinimumVisualStudioVersion = 10.0.40219.1
Project("{9A19103F-16F7-4668-BE54-9A1E7A4F7556}") = "Sumar", "Sumar\Sumar.csproj", "{6C7BC203-C0C6-4333-BDA1-1A2CF7D5E171}"
EndProject
Project("{FAE04EC0-301F-11D3-BF4B-00C04F79EFBC}") = "UnitTestSumar", "UnitTestSumar\UnitTestSumar.csproj", "{5BD32AFA-08A0-45BE-9BD5-7EA915E3B341}"
EndProject
Global
	GlobalSection(SolutionConfigurationPlatforms) = preSolution
		Debug|Any CPU = Debug|Any CPU
		Release|Any CPU = Release|Any CPU
	EndGlobalSection
	GlobalSection(ProjectConfigurationPlatforms) = postSolution
		{6C7BC203-C0C6-4333-BDA1-1A2CF7D5E171}.Debug|Any CPU.ActiveCfg = Debug|Any CPU
		{6C7BC203-C0C6-4333-BDA1-1A2CF7D5E171}.Debug|Any CPU.Build.0 = Debug|Any CPU
		{6C7BC203-C0C6-4333-BDA1-1A2CF7D5E171}.Release|Any CPU.ActiveCfg = Release|Any CPU
		{6C7BC203-C0C6-4333-BDA1-1A2CF7D5E171}.Release|Any CPU.Build.0 = Release|Any CPU
		{5BD32AFA-08A0-45BE-9BD5-7EA915E3B341}.Debug|Any CPU.ActiveCfg = Debug|Any CPU
		{5BD32AFA-08A0-45BE-9BD5-7EA915E3B341}.Debug|Any CPU.Build.0 = Debug|Any CPU
		{5BD32AFA-08A0-45BE-9BD5-7EA915E3B341}.Release|Any CPU.ActiveCfg = Release|Any CPU
		{5BD32AFA-08A0-45BE-9BD5-7EA915E3B341}.Release|Any CPU.Build.0 = Release|Any CPU
	EndGlobalSection
	GlobalSection(SolutionProperties) = preSolution
		HideSolutionNode = FALSE
	EndGlobalSection
	GlobalSection(ExtensibilityGlobals) = postSolution
		SolutionGuid = {14F46A4A-9E6E-4FC2-BCD8-F039AF54FE57}
	EndGlobalSection
EndGlobal
